
Microsoft Visual Studio Solution File, Format Version 12.00
# Visual Studio Version 17
VisualStudioVersion = 17.5.33530.505
MinimumVisualStudioVersion = 10.0.40219.1
Project("{9A19103F-16F7-4668-BE54-9A1E7A4F7556}") = "WinFormsApp", "WinFormsApp\WinFormsApp.csproj", "{62707EFD-FC8D-4088-AD58-406A907D6839}"
EndProject
Project("{2150E333-8FDC-42A3-9474-1A3956D46DE8}") = "Элементы решения", "Элементы решения", "{E9C4C84E-5A22-4755-9C5B-30343604B164}"
EndProject
Global
	GlobalSection(SolutionConfigurationPlatforms) = preSolution
		Debug|Any CPU = Debug|Any CPU
		Release|Any CPU = Release|Any CPU
	EndGlobalSection
	GlobalSection(ProjectConfigurationPlatforms) = postSolution
		{62707EFD-FC8D-4088-AD58-406A907D6839}.Debug|Any CPU.ActiveCfg = Debug|Any CPU
		{62707EFD-FC8D-4088-AD58-406A907D6839}.Debug|Any CPU.Build.0 = Debug|Any CPU
		{62707EFD-FC8D-4088-AD58-406A907D6839}.Release|Any CPU.ActiveCfg = Release|Any CPU
		{62707EFD-FC8D-4088-AD58-406A907D6839}.Release|Any CPU.Build.0 = Release|Any CPU
	EndGlobalSection
	GlobalSection(SolutionProperties) = preSolution
		HideSolutionNode = FALSE
	EndGlobalSection
	GlobalSection(ExtensibilityGlobals) = postSolution
		SolutionGuid = {3AD82E89-21A5-4639-BC58-40D3AFDF8355}
	EndGlobalSection
EndGlobal
